
Microsoft Visual Studio Solution File, Format Version 12.00
# Visual Studio 15
VisualStudioVersion = 15.0.28307.106
MinimumVisualStudioVersion = 10.0.40219.1
Project("{9A19103F-16F7-4668-BE54-9A1E7A4F7556}") = "DutchTreat", "DutchTreat\DutchTreat.csproj", "{ADF52EE5-BE10-42D4-9FE1-ADFDC1737A0F}"
EndProject
Project("{2150E333-8FDC-42A3-9474-1A3956D46DE8}") = "Solution Items", "Solution Items", "{1FAF1B99-8AF0-4036-B0EB-BD84B24A1C58}"
	ProjectSection(SolutionItems) = preProject
		Commands.txt = Commands.txt
	EndProjectSection
EndProject
Global
	GlobalSection(SolutionConfigurationPlatforms) = preSolution
		Debug|Any CPU = Debug|Any CPU
		Release|Any CPU = Release|Any CPU
	EndGlobalSection
	GlobalSection(ProjectConfigurationPlatforms) = postSolution
		{ADF52EE5-BE10-42D4-9FE1-ADFDC1737A0F}.Debug|Any CPU.ActiveCfg = Debug|Any CPU
		{ADF52EE5-BE10-42D4-9FE1-ADFDC1737A0F}.Debug|Any CPU.Build.0 = Debug|Any CPU
		{ADF52EE5-BE10-42D4-9FE1-ADFDC1737A0F}.Release|Any CPU.ActiveCfg = Release|Any CPU
		{ADF52EE5-BE10-42D4-9FE1-ADFDC1737A0F}.Release|Any CPU.Build.0 = Release|Any CPU
	EndGlobalSection
	GlobalSection(SolutionProperties) = preSolution
		HideSolutionNode = FALSE
	EndGlobalSection
	GlobalSection(ExtensibilityGlobals) = postSolution
		SolutionGuid = {F1F78753-15D1-4BD2-A303-C331C3D0F816}
	EndGlobalSection
EndGlobal
